
Microsoft Visual Studio Solution File, Format Version 12.00
# Visual Studio Version 17
VisualStudioVersion = 17.0.32112.339
MinimumVisualStudioVersion = 10.0.40219.1
Project("{FAE04EC0-301F-11D3-BF4B-00C04F79EFBC}") = "Task_ParallelLibrary", "Task_ParallelLibrary.csproj", "{AA600D5B-8759-4F58-9B20-945E5CBB1F62}"
EndProject
Global
	GlobalSection(SolutionConfigurationPlatforms) = preSolution
		Debug|Any CPU = Debug|Any CPU
		Release|Any CPU = Release|Any CPU
	EndGlobalSection
	GlobalSection(ProjectConfigurationPlatforms) = postSolution
		{AA600D5B-8759-4F58-9B20-945E5CBB1F62}.Debug|Any CPU.ActiveCfg = Debug|Any CPU
		{AA600D5B-8759-4F58-9B20-945E5CBB1F62}.Debug|Any CPU.Build.0 = Debug|Any CPU
		{AA600D5B-8759-4F58-9B20-945E5CBB1F62}.Release|Any CPU.ActiveCfg = Release|Any CPU
		{AA600D5B-8759-4F58-9B20-945E5CBB1F62}.Release|Any CPU.Build.0 = Release|Any CPU
	EndGlobalSection
	GlobalSection(SolutionProperties) = preSolution
		HideSolutionNode = FALSE
	EndGlobalSection
	GlobalSection(ExtensibilityGlobals) = postSolution
		SolutionGuid = {BBB8C795-D267-4A45-99BF-7088FBC15B9A}
	EndGlobalSection
EndGlobal
